// !$*UTF8*$!
{
	archiveVersion = 1;
	classes = {
	};
	objectVersion = 77;
	objects = {

/* Begin PBXBuildFile section */
		999D983D2D5F846A00BF9432 /* Kingfisher in Frameworks */ = {isa = PBXBuildFile; productRef = 999D983C2D5F846A00BF9432 /* Kingfisher */; };
		999D98402D5F848300BF9432 /* CombineMoya in Frameworks */ = {isa = PBXBuildFile; productRef = 999D983F2D5F848300BF9432 /* CombineMoya */; };
		999D98422D5F848300BF9432 /* Moya in Frameworks */ = {isa = PBXBuildFile; productRef = 999D98412D5F848300BF9432 /* Moya */; };
		999D987A2D5F852B00BF9432 /* Domain in Frameworks */ = {isa = PBXBuildFile; productRef = 999D98792D5F852B00BF9432 /* Domain */; };
		999D987C2D5F852F00BF9432 /* Data in Frameworks */ = {isa = PBXBuildFile; productRef = 999D987B2D5F852F00BF9432 /* Data */; };
/* End PBXBuildFile section */

/* Begin PBXContainerItemProxy section */
		999D97DF2D5F83B400BF9432 /* PBXContainerItemProxy */ = {
			isa = PBXContainerItemProxy;
			containerPortal = 999D97BD2D5F83B300BF9432 /* Project object */;
			proxyType = 1;
			remoteGlobalIDString = 999D97C42D5F83B300BF9432;
			remoteInfo = GamerPower;
		};
/* End PBXContainerItemProxy section */

/* Begin PBXFileReference section */
		999D97C52D5F83B300BF9432 /* GamerPower.app */ = {isa = PBXFileReference; explicitFileType = wrapper.application; includeInIndex = 0; path = GamerPower.app; sourceTree = BUILT_PRODUCTS_DIR; };
		999D97DE2D5F83B400BF9432 /* GamerPowerTests.xctest */ = {isa = PBXFileReference; explicitFileType = wrapper.cfbundle; includeInIndex = 0; path = GamerPowerTests.xctest; sourceTree = BUILT_PRODUCTS_DIR; };
		999D98382D5F83E200BF9432 /* Domain */ = {isa = PBXFileReference; lastKnownFileType = wrapper; path = Domain; sourceTree = "<group>"; };
		999D98392D5F83E600BF9432 /* Data */ = {isa = PBXFileReference; lastKnownFileType = wrapper; path = Data; sourceTree = "<group>"; };
		999D983A2D5F83E900BF9432 /* NetworkLayer */ = {isa = PBXFileReference; lastKnownFileType = wrapper; path = NetworkLayer; sourceTree = "<group>"; };
/* End PBXFileReference section */

/* Begin PBXFileSystemSynchronizedBuildFileExceptionSet section */
		999D97F02D5F83B400BF9432 /* Exceptions for "GamerPower" folder in "GamerPower" target */ = {
			isa = PBXFileSystemSynchronizedBuildFileExceptionSet;
			membershipExceptions = (
				Info.plist,
			);
			target = 999D97C42D5F83B300BF9432 /* GamerPower */;
		};
/* End PBXFileSystemSynchronizedBuildFileExceptionSet section */

/* Begin PBXFileSystemSynchronizedRootGroup section */
		999D97C72D5F83B300BF9432 /* GamerPower */ = {
			isa = PBXFileSystemSynchronizedRootGroup;
			exceptions = (
				999D97F02D5F83B400BF9432 /* Exceptions for "GamerPower" folder in "GamerPower" target */,
			);
			path = GamerPower;
			sourceTree = "<group>";
		};
		999D97E12D5F83B400BF9432 /* GamerPowerTests */ = {
			isa = PBXFileSystemSynchronizedRootGroup;
			path = GamerPowerTests;
			sourceTree = "<group>";
		};
/* End PBXFileSystemSynchronizedRootGroup section */

/* Begin PBXFrameworksBuildPhase section */
		999D97C22D5F83B300BF9432 /* Frameworks */ = {
			isa = PBXFrameworksBuildPhase;
			buildActionMask = 2147483647;
			files = (
				999D98402D5F848300BF9432 /* CombineMoya in Frameworks */,
				999D983D2D5F846A00BF9432 /* Kingfisher in Frameworks */,
				999D987C2D5F852F00BF9432 /* Data in Frameworks */,
				999D987A2D5F852B00BF9432 /* Domain in Frameworks */,
				999D98422D5F848300BF9432 /* Moya in Frameworks */,
			);
			runOnlyForDeploymentPostprocessing = 0;
		};
		999D97DB2D5F83B400BF9432 /* Frameworks */ = {
			isa = PBXFrameworksBuildPhase;
			buildActionMask = 2147483647;
			files = (
			);
			runOnlyForDeploymentPostprocessing = 0;
		};
/* End PBXFrameworksBuildPhase section */

/* Begin PBXGroup section */
		999D97BC2D5F83B300BF9432 = {
			isa = PBXGroup;
			children = (
				999D983A2D5F83E900BF9432 /* NetworkLayer */,
				999D98392D5F83E600BF9432 /* Data */,
				999D98382D5F83E200BF9432 /* Domain */,
				999D97C72D5F83B300BF9432 /* GamerPower */,
				999D97E12D5F83B400BF9432 /* GamerPowerTests */,
				999D98782D5F852B00BF9432 /* Frameworks */,
				999D97C62D5F83B300BF9432 /* Products */,
			);
			sourceTree = "<group>";
		};
		999D97C62D5F83B300BF9432 /* Products */ = {
			isa = PBXGroup;
			children = (
				999D97C52D5F83B300BF9432 /* GamerPower.app */,
				999D97DE2D5F83B400BF9432 /* GamerPowerTests.xctest */,
			);
			name = Products;
			sourceTree = "<group>";
		};
		999D98782D5F852B00BF9432 /* Frameworks */ = {
			isa = PBXGroup;
			children = (
			);
			name = Frameworks;
			sourceTree = "<group>";
		};
/* End PBXGroup section */

/* Begin PBXNativeTarget section */
		999D97C42D5F83B300BF9432 /* GamerPower */ = {
			isa = PBXNativeTarget;
			buildConfigurationList = 999D97F12D5F83B400BF9432 /* Build configuration list for PBXNativeTarget "GamerPower" */;
			buildPhases = (
				999D97C12D5F83B300BF9432 /* Sources */,
				999D97C22D5F83B300BF9432 /* Frameworks */,
				999D97C32D5F83B300BF9432 /* Resources */,
			);
			buildRules = (
			);
			dependencies = (
			);
			fileSystemSynchronizedGroups = (
				999D97C72D5F83B300BF9432 /* GamerPower */,
			);
			name = GamerPower;
			packageProductDependencies = (
				999D983C2D5F846A00BF9432 /* Kingfisher */,
				999D983F2D5F848300BF9432 /* CombineMoya */,
				999D98412D5F848300BF9432 /* Moya */,
				999D98792D5F852B00BF9432 /* Domain */,
				999D987B2D5F852F00BF9432 /* Data */,
			);
			productName = GamerPower;
			productReference = 999D97C52D5F83B300BF9432 /* GamerPower.app */;
			productType = "com.apple.product-type.application";
		};
		999D97DD2D5F83B400BF9432 /* GamerPowerTests */ = {
			isa = PBXNativeTarget;
			buildConfigurationList = 999D97F62D5F83B400BF9432 /* Build configuration list for PBXNativeTarget "GamerPowerTests" */;
			buildPhases = (
				999D97DA2D5F83B400BF9432 /* Sources */,
				999D97DB2D5F83B400BF9432 /* Frameworks */,
				999D97DC2D5F83B400BF9432 /* Resources */,
			);
			buildRules = (
			);
			dependencies = (
				999D97E02D5F83B400BF9432 /* PBXTargetDependency */,
			);
			fileSystemSynchronizedGroups = (
				999D97E12D5F83B400BF9432 /* GamerPowerTests */,
			);
			name = GamerPowerTests;
			packageProductDependencies = (
			);
			productName = GamerPowerTests;
			productReference = 999D97DE2D5F83B400BF9432 /* GamerPowerTests.xctest */;
			productType = "com.apple.product-type.bundle.unit-test";
		};
/* End PBXNativeTarget section */

/* Begin PBXProject section */
		999D97BD2D5F83B300BF9432 /* Project object */ = {
			isa = PBXProject;
			attributes = {
				BuildIndependentTargetsInParallel = 1;
				LastSwiftUpdateCheck = 1610;
				LastUpgradeCheck = 1610;
				TargetAttributes = {
					999D97C42D5F83B300BF9432 = {
						CreatedOnToolsVersion = 16.1;
					};
					999D97DD2D5F83B400BF9432 = {
						CreatedOnToolsVersion = 16.1;
						TestTargetID = 999D97C42D5F83B300BF9432;
					};
				};
			};
			buildConfigurationList = 999D97C02D5F83B300BF9432 /* Build configuration list for PBXProject "GamerPower" */;
			developmentRegion = en;
			hasScannedForEncodings = 0;
			knownRegions = (
				en,
				Base,
			);
			mainGroup = 999D97BC2D5F83B300BF9432;
			minimizedProjectReferenceProxies = 1;
			packageReferences = (
				999D983B2D5F846A00BF9432 /* XCRemoteSwiftPackageReference "Kingfisher" */,
				999D983E2D5F848300BF9432 /* XCRemoteSwiftPackageReference "Moya" */,
			);
			preferredProjectObjectVersion = 77;
			productRefGroup = 999D97C62D5F83B300BF9432 /* Products */;
			projectDirPath = "";
			projectRoot = "";
			targets = (
				999D97C42D5F83B300BF9432 /* GamerPower */,
				999D97DD2D5F83B400BF9432 /* GamerPowerTests */,
			);
		};
/* End PBXProject section */

/* Begin PBXResourcesBuildPhase section */
		999D97C32D5F83B300BF9432 /* Resources */ = {
			isa = PBXResourcesBuildPhase;
			buildActionMask = 2147483647;
			files = (
			);
			runOnlyForDeploymentPostprocessing = 0;
		};
		999D97DC2D5F83B400BF9432 /* Resources */ = {
			isa = PBXResourcesBuildPhase;
			buildActionMask = 2147483647;
			files = (
			);
			runOnlyForDeploymentPostprocessing = 0;
		};
/* End PBXResourcesBuildPhase section */

/* Begin PBXSourcesBuildPhase section */
		999D97C12D5F83B300BF9432 /* Sources */ = {
			isa = PBXSourcesBuildPhase;
			buildActionMask = 2147483647;
			files = (
			);
			runOnlyForDeploymentPostprocessing = 0;
		};
		999D97DA2D5F83B400BF9432 /* Sources */ = {
			isa = PBXSourcesBuildPhase;
			buildActionMask = 2147483647;
			files = (
			);
			runOnlyForDeploymentPostprocessing = 0;
		};
/* End PBXSourcesBuildPhase section */

/* Begin PBXTargetDependency section */
		999D97E02D5F83B400BF9432 /* PBXTargetDependency */ = {
			isa = PBXTargetDependency;
			target = 999D97C42D5F83B300BF9432 /* GamerPower */;
			targetProxy = 999D97DF2D5F83B400BF9432 /* PBXContainerItemProxy */;
		};
/* End PBXTargetDependency section */

/* Begin XCBuildConfiguration section */
		999D97F22D5F83B400BF9432 /* Debug */ = {
			isa = XCBuildConfiguration;
			baseConfigurationReferenceAnchor = 999D97C72D5F83B300BF9432 /* GamerPower */;
			baseConfigurationReferenceRelativePath = Managers/Configurations/Configuration.xcconfig;
			buildSettings = {
				ASSETCATALOG_COMPILER_APPICON_NAME = AppIcon;
				ASSETCATALOG_COMPILER_GLOBAL_ACCENT_COLOR_NAME = AccentColor;
				CODE_SIGN_STYLE = Automatic;
				CURRENT_PROJECT_VERSION = 1;
				DEVELOPMENT_TEAM = 53738PVH36;
				GENERATE_INFOPLIST_FILE = YES;
				INFOPLIST_FILE = GamerPower/Info.plist;
				INFOPLIST_KEY_UIApplicationSupportsIndirectInputEvents = YES;
				INFOPLIST_KEY_UILaunchStoryboardName = LaunchScreen;
				INFOPLIST_KEY_UIMainStoryboardFile = "";
				INFOPLIST_KEY_UISupportedInterfaceOrientations_iPad = "UIInterfaceOrientationPortrait UIInterfaceOrientationPortraitUpsideDown UIInterfaceOrientationLandscapeLeft UIInterfaceOrientationLandscapeRight";
				INFOPLIST_KEY_UISupportedInterfaceOrientations_iPhone = "UIInterfaceOrientationPortrait UIInterfaceOrientationLandscapeLeft UIInterfaceOrientationLandscapeRight";
				IPHONEOS_DEPLOYMENT_TARGET = 15.6;
				LD_RUNPATH_SEARCH_PATHS = (
					"$(inherited)",
					"@executable_path/Frameworks",
				);
				MARKETING_VERSION = 1.0;
				PRODUCT_BUNDLE_IDENTIFIER = com.mostafa.GamerPower;
				PRODUCT_NAME = "$(TARGET_NAME)";
				SWIFT_EMIT_LOC_STRINGS = YES;
				SWIFT_VERSION = 5.0;
				TARGETED_DEVICE_FAMILY = "1,2";
			};
			name = Debug;
		};
		999D97F32D5F83B400BF9432 /* Release */ = {
			isa = XCBuildConfiguration;
			baseConfigurationReferenceAnchor = 999D97C72D5F83B300BF9432 /* GamerPower */;
			baseConfigurationReferenceRelativePath = Managers/Configurations/Configuration.xcconfig;
			buildSettings = {
				ASSETCATALOG_COMPILER_APPICON_NAME = AppIcon;
				ASSETCATALOG_COMPILER_GLOBAL_ACCENT_COLOR_NAME = AccentColor;
				CODE_SIGN_STYLE = Automatic;
				CURRENT_PROJECT_VERSION = 1;
				DEVELOPMENT_TEAM = 53738PVH36;
				GENERATE_INFOPLIST_FILE = YES;
				INFOPLIST_FILE = GamerPower/Info.plist;
				INFOPLIST_KEY_UIApplicationSupportsIndirectInputEvents = YES;
				INFOPLIST_KEY_UILaunchStoryboardName = LaunchScreen;
				INFOPLIST_KEY_UIMainStoryboardFile = "";
				INFOPLIST_KEY_UISupportedInterfaceOrientations_iPad = "UIInterfaceOrientationPortrait UIInterfaceOrientationPortraitUpsideDown UIInterfaceOrientationLandscapeLeft UIInterfaceOrientationLandscapeRight";
				INFOPLIST_KEY_UISupportedInterfaceOrientations_iPhone = "UIInterfaceOrientationPortrait UIInterfaceOrientationLandscapeLeft UIInterfaceOrientationLandscapeRight";
				IPHONEOS_DEPLOYMENT_TARGET = 15.6;
				LD_RUNPATH_SEARCH_PATHS = (
					"$(inherited)",
					"@executable_path/Frameworks",
				);
				MARKETING_VERSION = 1.0;
				PRODUCT_BUNDLE_IDENTIFIER = com.mostafa.GamerPower;
				PRODUCT_NAME = "$(TARGET_NAME)";
				SWIFT_EMIT_LOC_STRINGS = YES;
				SWIFT_VERSION = 5.0;
				TARGETED_DEVICE_FAMILY = "1,2";
			};
			name = Release;
		};
		999D97F42D5F83B400BF9432 /* Debug */ = {
			isa = XCBuildConfiguration;
			buildSettings = {
				ALWAYS_SEARCH_USER_PATHS = NO;
				ASSETCATALOG_COMPILER_GENERATE_SWIFT_ASSET_SYMBOL_EXTENSIONS = YES;
				CLANG_ANALYZER_NONNULL = YES;
				CLANG_ANALYZER_NUMBER_OBJECT_CONVERSION = YES_AGGRESSIVE;
				CLANG_CXX_LANGUAGE_STANDARD = "gnu++20";
				CLANG_ENABLE_MODULES = YES;
				CLANG_ENABLE_OBJC_ARC = YES;
				CLANG_ENABLE_OBJC_WEAK = YES;
				CLANG_WARN_BLOCK_CAPTURE_AUTORELEASING = YES;
				CLANG_WARN_BOOL_CONVERSION = YES;
				CLANG_WARN_COMMA = YES;
				CLANG_WARN_CONSTANT_CONVERSION = YES;
				CLANG_WARN_DEPRECATED_OBJC_IMPLEMENTATIONS = YES;
				CLANG_WARN_DIRECT_OBJC_ISA_USAGE = YES_ERROR;
				CLANG_WARN_DOCUMENTATION_COMMENTS = YES;
				CLANG_WARN_EMPTY_BODY = YES;
				CLANG_WARN_ENUM_CONVERSION = YES;
				CLANG_WARN_INFINITE_RECURSION = YES;
				CLANG_WARN_INT_CONVERSION = YES;
				CLANG_WARN_NON_LITERAL_NULL_CONVERSION = YES;
				CLANG_WARN_OBJC_IMPLICIT_RETAIN_SELF = YES;
				CLANG_WARN_OBJC_LITERAL_CONVERSION = YES;
				CLANG_WARN_OBJC_ROOT_CLASS = YES_ERROR;
				CLANG_WARN_QUOTED_INCLUDE_IN_FRAMEWORK_HEADER = YES;
				CLANG_WARN_RANGE_LOOP_ANALYSIS = YES;
				CLANG_WARN_STRICT_PROTOTYPES = YES;
				CLANG_WARN_SUSPICIOUS_MOVE = YES;
				CLANG_WARN_UNGUARDED_AVAILABILITY = YES_AGGRESSIVE;
				CLANG_WARN_UNREACHABLE_CODE = YES;
				CLANG_WARN__DUPLICATE_METHOD_MATCH = YES;
				COPY_PHASE_STRIP = NO;
				DEBUG_INFORMATION_FORMAT = dwarf;
				ENABLE_STRICT_OBJC_MSGSEND = YES;
				ENABLE_TESTABILITY = YES;
				ENABLE_USER_SCRIPT_SANDBOXING = YES;
				GCC_C_LANGUAGE_STANDARD = gnu17;
				GCC_DYNAMIC_NO_PIC = NO;
				GCC_NO_COMMON_BLOCKS = YES;
				GCC_OPTIMIZATION_LEVEL = 0;
				GCC_PREPROCESSOR_DEFINITIONS = (
					"DEBUG=1",
					"$(inherited)",
				);
				GCC_WARN_64_TO_32_BIT_CONVERSION = YES;
				GCC_WARN_ABOUT_RETURN_TYPE = YES_ERROR;
				GCC_WARN_UNDECLARED_SELECTOR = YES;
				GCC_WARN_UNINITIALIZED_AUTOS = YES_AGGRESSIVE;
				GCC_WARN_UNUSED_FUNCTION = YES;
				GCC_WARN_UNUSED_VARIABLE = YES;
				IPHONEOS_DEPLOYMENT_TARGET = 18.1;
				LOCALIZATION_PREFERS_STRING_CATALOGS = YES;
				MTL_ENABLE_DEBUG_INFO = INCLUDE_SOURCE;
				MTL_FAST_MATH = YES;
				ONLY_ACTIVE_ARCH = YES;
				SDKROOT = iphoneos;
				SWIFT_ACTIVE_COMPILATION_CONDITIONS = "DEBUG $(inherited)";
				SWIFT_OPTIMIZATION_LEVEL = "-Onone";
			};
			name = Debug;
		};
		999D97F52D5F83B400BF9432 /* Release */ = {
			isa = XCBuildConfiguration;
			buildSettings = {
				ALWAYS_SEARCH_USER_PATHS = NO;
				ASSETCATALOG_COMPILER_GENERATE_SWIFT_ASSET_SYMBOL_EXTENSIONS = YES;
				CLANG_ANALYZER_NONNULL = YES;
				CLANG_ANALYZER_NUMBER_OBJECT_CONVERSION = YES_AGGRESSIVE;
				CLANG_CXX_LANGUAGE_STANDARD = "gnu++20";
				CLANG_ENABLE_MODULES = YES;
				CLANG_ENABLE_OBJC_ARC = YES;
				CLANG_ENABLE_OBJC_WEAK = YES;
				CLANG_WARN_BLOCK_CAPTURE_AUTORELEASING = YES;
				CLANG_WARN_BOOL_CONVERSION = YES;
				CLANG_WARN_COMMA = YES;
				CLANG_WARN_CONSTANT_CONVERSION = YES;
				CLANG_WARN_DEPRECATED_OBJC_IMPLEMENTATIONS = YES;
				CLANG_WARN_DIRECT_OBJC_ISA_USAGE = YES_ERROR;
				CLANG_WARN_DOCUMENTATION_COMMENTS = YES;
				CLANG_WARN_EMPTY_BODY = YES;
				CLANG_WARN_ENUM_CONVERSION = YES;
				CLANG_WARN_INFINITE_RECURSION = YES;
				CLANG_WARN_INT_CONVERSION = YES;
				CLANG_WARN_NON_LITERAL_NULL_CONVERSION = YES;
				CLANG_WARN_OBJC_IMPLICIT_RETAIN_SELF = YES;
				CLANG_WARN_OBJC_LITERAL_CONVERSION = YES;
				CLANG_WARN_OBJC_ROOT_CLASS = YES_ERROR;
				CLANG_WARN_QUOTED_INCLUDE_IN_FRAMEWORK_HEADER = YES;
				CLANG_WARN_RANGE_LOOP_ANALYSIS = YES;
				CLANG_WARN_STRICT_PROTOTYPES = YES;
				CLANG_WARN_SUSPICIOUS_MOVE = YES;
				CLANG_WARN_UNGUARDED_AVAILABILITY = YES_AGGRESSIVE;
				CLANG_WARN_UNREACHABLE_CODE = YES;
				CLANG_WARN__DUPLICATE_METHOD_MATCH = YES;
				COPY_PHASE_STRIP = NO;
				DEBUG_INFORMATION_FORMAT = "dwarf-with-dsym";
				ENABLE_NS_ASSERTIONS = NO;
				ENABLE_STRICT_OBJC_MSGSEND = YES;
				ENABLE_USER_SCRIPT_SANDBOXING = YES;
				GCC_C_LANGUAGE_STANDARD = gnu17;
				GCC_NO_COMMON_BLOCKS = YES;
				GCC_WARN_64_TO_32_BIT_CONVERSION = YES;
				GCC_WARN_ABOUT_RETURN_TYPE = YES_ERROR;
				GCC_WARN_UNDECLARED_SELECTOR = YES;
				GCC_WARN_UNINITIALIZED_AUTOS = YES_AGGRESSIVE;
				GCC_WARN_UNUSED_FUNCTION = YES;
				GCC_WARN_UNUSED_VARIABLE = YES;
				IPHONEOS_DEPLOYMENT_TARGET = 18.1;
				LOCALIZATION_PREFERS_STRING_CATALOGS = YES;
				MTL_ENABLE_DEBUG_INFO = NO;
				MTL_FAST_MATH = YES;
				SDKROOT = iphoneos;
				SWIFT_COMPILATION_MODE = wholemodule;
				VALIDATE_PRODUCT = YES;
			};
			name = Release;
		};
		999D97F72D5F83B400BF9432 /* Debug */ = {
			isa = XCBuildConfiguration;
			buildSettings = {
				BUNDLE_LOADER = "$(TEST_HOST)";
				CODE_SIGN_STYLE = Automatic;
				CURRENT_PROJECT_VERSION = 1;
				DEVELOPMENT_TEAM = 53738PVH36;
				GENERATE_INFOPLIST_FILE = YES;
				IPHONEOS_DEPLOYMENT_TARGET = 18.1;
				MARKETING_VERSION = 1.0;
				PRODUCT_BUNDLE_IDENTIFIER = com.mostafa.GamerPowerTests;
				PRODUCT_NAME = "$(TARGET_NAME)";
				SWIFT_EMIT_LOC_STRINGS = NO;
				SWIFT_VERSION = 5.0;
				TARGETED_DEVICE_FAMILY = "1,2";
				TEST_HOST = "$(BUILT_PRODUCTS_DIR)/GamerPower.app/$(BUNDLE_EXECUTABLE_FOLDER_PATH)/GamerPower";
			};
			name = Debug;
		};
		999D97F82D5F83B400BF9432 /* Release */ = {
			isa = XCBuildConfiguration;
			buildSettings = {
				BUNDLE_LOADER = "$(TEST_HOST)";
				CODE_SIGN_STYLE = Automatic;
				CURRENT_PROJECT_VERSION = 1;
				DEVELOPMENT_TEAM = 53738PVH36;
				GENERATE_INFOPLIST_FILE = YES;
				IPHONEOS_DEPLOYMENT_TARGET = 18.1;
				MARKETING_VERSION = 1.0;
				PRODUCT_BUNDLE_IDENTIFIER = com.mostafa.GamerPowerTests;
				PRODUCT_NAME = "$(TARGET_NAME)";
				SWIFT_EMIT_LOC_STRINGS = NO;
				SWIFT_VERSION = 5.0;
				TARGETED_DEVICE_FAMILY = "1,2";
				TEST_HOST = "$(BUILT_PRODUCTS_DIR)/GamerPower.app/$(BUNDLE_EXECUTABLE_FOLDER_PATH)/GamerPower";
			};
			name = Release;
		};
/* End XCBuildConfiguration section */

/* Begin XCConfigurationList section */
		999D97C02D5F83B300BF9432 /* Build configuration list for PBXProject "GamerPower" */ = {
			isa = XCConfigurationList;
			buildConfigurations = (
				999D97F42D5F83B400BF9432 /* Debug */,
				999D97F52D5F83B400BF9432 /* Release */,
			);
			defaultConfigurationIsVisible = 0;
			defaultConfigurationName = Release;
		};
		999D97F12D5F83B400BF9432 /* Build configuration list for PBXNativeTarget "GamerPower" */ = {
			isa = XCConfigurationList;
			buildConfigurations = (
				999D97F22D5F83B400BF9432 /* Debug */,
				999D97F32D5F83B400BF9432 /* Release */,
			);
			defaultConfigurationIsVisible = 0;
			defaultConfigurationName = Release;
		};
		999D97F62D5F83B400BF9432 /* Build configuration list for PBXNativeTarget "GamerPowerTests" */ = {
			isa = XCConfigurationList;
			buildConfigurations = (
				999D97F72D5F83B400BF9432 /* Debug */,
				999D97F82D5F83B400BF9432 /* Release */,
			);
			defaultConfigurationIsVisible = 0;
			defaultConfigurationName = Release;
		};
/* End XCConfigurationList section */

/* Begin XCRemoteSwiftPackageReference section */
		999D983B2D5F846A00BF9432 /* XCRemoteSwiftPackageReference "Kingfisher" */ = {
			isa = XCRemoteSwiftPackageReference;
			repositoryURL = "https://github.com/onevcat/Kingfisher.git";
			requirement = {
				kind = upToNextMajorVersion;
				minimumVersion = 8.2.0;
			};
		};
		999D983E2D5F848300BF9432 /* XCRemoteSwiftPackageReference "Moya" */ = {
			isa = XCRemoteSwiftPackageReference;
			repositoryURL = "https://github.com/Moya/Moya.git";
			requirement = {
				kind = upToNextMajorVersion;
				minimumVersion = 15.0.3;
			};
		};
/* End XCRemoteSwiftPackageReference section */

/* Begin XCSwiftPackageProductDependency section */
		999D983C2D5F846A00BF9432 /* Kingfisher */ = {
			isa = XCSwiftPackageProductDependency;
			package = 999D983B2D5F846A00BF9432 /* XCRemoteSwiftPackageReference "Kingfisher" */;
			productName = Kingfisher;
		};
		999D983F2D5F848300BF9432 /* CombineMoya */ = {
			isa = XCSwiftPackageProductDependency;
			package = 999D983E2D5F848300BF9432 /* XCRemoteSwiftPackageReference "Moya" */;
			productName = CombineMoya;
		};
		999D98412D5F848300BF9432 /* Moya */ = {
			isa = XCSwiftPackageProductDependency;
			package = 999D983E2D5F848300BF9432 /* XCRemoteSwiftPackageReference "Moya" */;
			productName = Moya;
		};
		999D98792D5F852B00BF9432 /* Domain */ = {
			isa = XCSwiftPackageProductDependency;
			productName = Domain;
		};
		999D987B2D5F852F00BF9432 /* Data */ = {
			isa = XCSwiftPackageProductDependency;
			productName = Data;
		};
/* End XCSwiftPackageProductDependency section */
	};
	rootObject = 999D97BD2D5F83B300BF9432 /* Project object */;
}
