// !$*UTF8*$!
{
	archiveVersion = 1;
	classes = {
	};
	objectVersion = 77;
	objects = {

/* Begin PBXBuildFile section */
		995CE0052D5E189D00FBEC1B /* CombineMoya in Frameworks */ = {isa = PBXBuildFile; productRef = 995CE0042D5E189D00FBEC1B /* CombineMoya */; };
		995CE0072D5E189D00FBEC1B /* Moya in Frameworks */ = {isa = PBXBuildFile; productRef = 995CE0062D5E189D00FBEC1B /* Moya */; };
		999D95DC2D5E345800BF9432 /* Data in Frameworks */ = {isa = PBXBuildFile; productRef = 999D95DB2D5E345800BF9432 /* Data */; };
		999D95DE2D5E345F00BF9432 /* Domain in Frameworks */ = {isa = PBXBuildFile; productRef = 999D95DD2D5E345F00BF9432 /* Domain */; };
		999D96B72D5E69B200BF9432 /* Kingfisher in Frameworks */ = {isa = PBXBuildFile; productRef = 999D96B62D5E69B200BF9432 /* Kingfisher */; };
/* End PBXBuildFile section */

/* Begin PBXContainerItemProxy section */
		996DE5942D5E14830026FF50 /* PBXContainerItemProxy */ = {
			isa = PBXContainerItemProxy;
			containerPortal = 996DE5762D5E14820026FF50 /* Project object */;
			proxyType = 1;
			remoteGlobalIDString = 996DE57D2D5E14820026FF50;
			remoteInfo = GamerPower;
		};
/* End PBXContainerItemProxy section */

/* Begin PBXFileReference section */
		995CDFD12D5E16C600FBEC1B /* NetworkLayer */ = {isa = PBXFileReference; lastKnownFileType = wrapper; path = NetworkLayer; sourceTree = "<group>"; };
		995CE0952D5E21B500FBEC1B /* Data */ = {isa = PBXFileReference; lastKnownFileType = wrapper; path = Data; sourceTree = "<group>"; };
		995CE0962D5E21EB00FBEC1B /* Domain */ = {isa = PBXFileReference; lastKnownFileType = wrapper; path = Domain; sourceTree = "<group>"; };
		996DE57E2D5E14820026FF50 /* GamerPower.app */ = {isa = PBXFileReference; explicitFileType = wrapper.application; includeInIndex = 0; path = GamerPower.app; sourceTree = BUILT_PRODUCTS_DIR; };
		996DE5932D5E14830026FF50 /* GamerPowerTests.xctest */ = {isa = PBXFileReference; explicitFileType = wrapper.cfbundle; includeInIndex = 0; path = GamerPowerTests.xctest; sourceTree = BUILT_PRODUCTS_DIR; };
/* End PBXFileReference section */

/* Begin PBXFileSystemSynchronizedBuildFileExceptionSet section */
		999D95E42D5E41D300BF9432 /* Exceptions for "GamerPower" folder in "GamerPower" target */ = {
			isa = PBXFileSystemSynchronizedBuildFileExceptionSet;
			membershipExceptions = (
				Info.plist,
			);
			target = 996DE57D2D5E14820026FF50 /* GamerPower */;
		};
/* End PBXFileSystemSynchronizedBuildFileExceptionSet section */

/* Begin PBXFileSystemSynchronizedRootGroup section */
		996DE5802D5E14820026FF50 /* GamerPower */ = {
			isa = PBXFileSystemSynchronizedRootGroup;
			exceptions = (
				999D95E42D5E41D300BF9432 /* Exceptions for "GamerPower" folder in "GamerPower" target */,
			);
			path = GamerPower;
			sourceTree = "<group>";
		};
		996DE5962D5E14830026FF50 /* GamerPowerTests */ = {
			isa = PBXFileSystemSynchronizedRootGroup;
			path = GamerPowerTests;
			sourceTree = "<group>";
		};
/* End PBXFileSystemSynchronizedRootGroup section */

/* Begin PBXFrameworksBuildPhase section */
		996DE57B2D5E14820026FF50 /* Frameworks */ = {
			isa = PBXFrameworksBuildPhase;
			buildActionMask = 2147483647;
			files = (
				995CE0072D5E189D00FBEC1B /* Moya in Frameworks */,
				995CE0052D5E189D00FBEC1B /* CombineMoya in Frameworks */,
				999D95DE2D5E345F00BF9432 /* Domain in Frameworks */,
				999D95DC2D5E345800BF9432 /* Data in Frameworks */,
				999D96B72D5E69B200BF9432 /* Kingfisher in Frameworks */,
			);
			runOnlyForDeploymentPostprocessing = 0;
		};
		996DE5902D5E14830026FF50 /* Frameworks */ = {
			isa = PBXFrameworksBuildPhase;
			buildActionMask = 2147483647;
			files = (
			);
			runOnlyForDeploymentPostprocessing = 0;
		};
/* End PBXFrameworksBuildPhase section */

/* Begin PBXGroup section */
		996DE5752D5E14820026FF50 = {
			isa = PBXGroup;
			children = (
				995CE0962D5E21EB00FBEC1B /* Domain */,
				995CE0952D5E21B500FBEC1B /* Data */,
				995CDFD12D5E16C600FBEC1B /* NetworkLayer */,
				996DE5802D5E14820026FF50 /* GamerPower */,
				996DE5962D5E14830026FF50 /* GamerPowerTests */,
				999D95DA2D5E345800BF9432 /* Frameworks */,
				996DE57F2D5E14820026FF50 /* Products */,
			);
			sourceTree = "<group>";
		};
		996DE57F2D5E14820026FF50 /* Products */ = {
			isa = PBXGroup;
			children = (
				996DE57E2D5E14820026FF50 /* GamerPower.app */,
				996DE5932D5E14830026FF50 /* GamerPowerTests.xctest */,
			);
			name = Products;
			sourceTree = "<group>";
		};
		999D95DA2D5E345800BF9432 /* Frameworks */ = {
			isa = PBXGroup;
			children = (
			);
			name = Frameworks;
			sourceTree = "<group>";
		};
/* End PBXGroup section */

/* Begin PBXNativeTarget section */
		996DE57D2D5E14820026FF50 /* GamerPower */ = {
			isa = PBXNativeTarget;
			buildConfigurationList = 996DE5A72D5E14830026FF50 /* Build configuration list for PBXNativeTarget "GamerPower" */;
			buildPhases = (
				996DE57A2D5E14820026FF50 /* Sources */,
				996DE57B2D5E14820026FF50 /* Frameworks */,
				996DE57C2D5E14820026FF50 /* Resources */,
			);
			buildRules = (
			);
			dependencies = (
			);
			fileSystemSynchronizedGroups = (
				996DE5802D5E14820026FF50 /* GamerPower */,
			);
			name = GamerPower;
			packageProductDependencies = (
				995CE0042D5E189D00FBEC1B /* CombineMoya */,
				995CE0062D5E189D00FBEC1B /* Moya */,
				999D95DB2D5E345800BF9432 /* Data */,
				999D95DD2D5E345F00BF9432 /* Domain */,
				999D96B62D5E69B200BF9432 /* Kingfisher */,
			);
			productName = GamerPower;
			productReference = 996DE57E2D5E14820026FF50 /* GamerPower.app */;
			productType = "com.apple.product-type.application";
		};
		996DE5922D5E14830026FF50 /* GamerPowerTests */ = {
			isa = PBXNativeTarget;
			buildConfigurationList = 996DE5AA2D5E14830026FF50 /* Build configuration list for PBXNativeTarget "GamerPowerTests" */;
			buildPhases = (
				996DE58F2D5E14830026FF50 /* Sources */,
				996DE5902D5E14830026FF50 /* Frameworks */,
				996DE5912D5E14830026FF50 /* Resources */,
			);
			buildRules = (
			);
			dependencies = (
				996DE5952D5E14830026FF50 /* PBXTargetDependency */,
			);
			fileSystemSynchronizedGroups = (
				996DE5962D5E14830026FF50 /* GamerPowerTests */,
			);
			name = GamerPowerTests;
			packageProductDependencies = (
			);
			productName = GamerPowerTests;
			productReference = 996DE5932D5E14830026FF50 /* GamerPowerTests.xctest */;
			productType = "com.apple.product-type.bundle.unit-test";
		};
/* End PBXNativeTarget section */

/* Begin PBXProject section */
		996DE5762D5E14820026FF50 /* Project object */ = {
			isa = PBXProject;
			attributes = {
				BuildIndependentTargetsInParallel = 1;
				LastSwiftUpdateCheck = 1610;
				LastUpgradeCheck = 1610;
				TargetAttributes = {
					996DE57D2D5E14820026FF50 = {
						CreatedOnToolsVersion = 16.1;
					};
					996DE5922D5E14830026FF50 = {
						CreatedOnToolsVersion = 16.1;
						TestTargetID = 996DE57D2D5E14820026FF50;
					};
				};
			};
			buildConfigurationList = 996DE5792D5E14820026FF50 /* Build configuration list for PBXProject "GamerPower" */;
			developmentRegion = en;
			hasScannedForEncodings = 0;
			knownRegions = (
				en,
				Base,
			);
			mainGroup = 996DE5752D5E14820026FF50;
			minimizedProjectReferenceProxies = 1;
			packageReferences = (
				995CE0032D5E189D00FBEC1B /* XCRemoteSwiftPackageReference "Moya" */,
				999D96B52D5E69B200BF9432 /* XCRemoteSwiftPackageReference "Kingfisher" */,
			);
			preferredProjectObjectVersion = 77;
			productRefGroup = 996DE57F2D5E14820026FF50 /* Products */;
			projectDirPath = "";
			projectRoot = "";
			targets = (
				996DE57D2D5E14820026FF50 /* GamerPower */,
				996DE5922D5E14830026FF50 /* GamerPowerTests */,
			);
		};
/* End PBXProject section */

/* Begin PBXResourcesBuildPhase section */
		996DE57C2D5E14820026FF50 /* Resources */ = {
			isa = PBXResourcesBuildPhase;
			buildActionMask = 2147483647;
			files = (
			);
			runOnlyForDeploymentPostprocessing = 0;
		};
		996DE5912D5E14830026FF50 /* Resources */ = {
			isa = PBXResourcesBuildPhase;
			buildActionMask = 2147483647;
			files = (
			);
			runOnlyForDeploymentPostprocessing = 0;
		};
/* End PBXResourcesBuildPhase section */

/* Begin PBXSourcesBuildPhase section */
		996DE57A2D5E14820026FF50 /* Sources */ = {
			isa = PBXSourcesBuildPhase;
			buildActionMask = 2147483647;
			files = (
			);
			runOnlyForDeploymentPostprocessing = 0;
		};
		996DE58F2D5E14830026FF50 /* Sources */ = {
			isa = PBXSourcesBuildPhase;
			buildActionMask = 2147483647;
			files = (
			);
			runOnlyForDeploymentPostprocessing = 0;
		};
/* End PBXSourcesBuildPhase section */

/* Begin PBXTargetDependency section */
		996DE5952D5E14830026FF50 /* PBXTargetDependency */ = {
			isa = PBXTargetDependency;
			target = 996DE57D2D5E14820026FF50 /* GamerPower */;
			targetProxy = 996DE5942D5E14830026FF50 /* PBXContainerItemProxy */;
		};
/* End PBXTargetDependency section */

/* Begin XCBuildConfiguration section */
		996DE5A52D5E14830026FF50 /* Debug */ = {
			isa = XCBuildConfiguration;
			buildSettings = {
				ALWAYS_SEARCH_USER_PATHS = NO;
				ASSETCATALOG_COMPILER_GENERATE_SWIFT_ASSET_SYMBOL_EXTENSIONS = YES;
				CLANG_ANALYZER_NONNULL = YES;
				CLANG_ANALYZER_NUMBER_OBJECT_CONVERSION = YES_AGGRESSIVE;
				CLANG_CXX_LANGUAGE_STANDARD = "gnu++20";
				CLANG_ENABLE_MODULES = YES;
				CLANG_ENABLE_OBJC_ARC = YES;
				CLANG_ENABLE_OBJC_WEAK = YES;
				CLANG_WARN_BLOCK_CAPTURE_AUTORELEASING = YES;
				CLANG_WARN_BOOL_CONVERSION = YES;
				CLANG_WARN_COMMA = YES;
				CLANG_WARN_CONSTANT_CONVERSION = YES;
				CLANG_WARN_DEPRECATED_OBJC_IMPLEMENTATIONS = YES;
				CLANG_WARN_DIRECT_OBJC_ISA_USAGE = YES_ERROR;
				CLANG_WARN_DOCUMENTATION_COMMENTS = YES;
				CLANG_WARN_EMPTY_BODY = YES;
				CLANG_WARN_ENUM_CONVERSION = YES;
				CLANG_WARN_INFINITE_RECURSION = YES;
				CLANG_WARN_INT_CONVERSION = YES;
				CLANG_WARN_NON_LITERAL_NULL_CONVERSION = YES;
				CLANG_WARN_OBJC_IMPLICIT_RETAIN_SELF = YES;
				CLANG_WARN_OBJC_LITERAL_CONVERSION = YES;
				CLANG_WARN_OBJC_ROOT_CLASS = YES_ERROR;
				CLANG_WARN_QUOTED_INCLUDE_IN_FRAMEWORK_HEADER = YES;
				CLANG_WARN_RANGE_LOOP_ANALYSIS = YES;
				CLANG_WARN_STRICT_PROTOTYPES = YES;
				CLANG_WARN_SUSPICIOUS_MOVE = YES;
				CLANG_WARN_UNGUARDED_AVAILABILITY = YES_AGGRESSIVE;
				CLANG_WARN_UNREACHABLE_CODE = YES;
				CLANG_WARN__DUPLICATE_METHOD_MATCH = YES;
				COPY_PHASE_STRIP = NO;
				DEBUG_INFORMATION_FORMAT = dwarf;
				ENABLE_STRICT_OBJC_MSGSEND = YES;
				ENABLE_TESTABILITY = YES;
				ENABLE_USER_SCRIPT_SANDBOXING = YES;
				GCC_C_LANGUAGE_STANDARD = gnu17;
				GCC_DYNAMIC_NO_PIC = NO;
				GCC_NO_COMMON_BLOCKS = YES;
				GCC_OPTIMIZATION_LEVEL = 0;
				GCC_PREPROCESSOR_DEFINITIONS = (
					"DEBUG=1",
					"$(inherited)",
				);
				GCC_WARN_64_TO_32_BIT_CONVERSION = YES;
				GCC_WARN_ABOUT_RETURN_TYPE = YES_ERROR;
				GCC_WARN_UNDECLARED_SELECTOR = YES;
				GCC_WARN_UNINITIALIZED_AUTOS = YES_AGGRESSIVE;
				GCC_WARN_UNUSED_FUNCTION = YES;
				GCC_WARN_UNUSED_VARIABLE = YES;
				IPHONEOS_DEPLOYMENT_TARGET = 18.1;
				LOCALIZATION_PREFERS_STRING_CATALOGS = YES;
				MTL_ENABLE_DEBUG_INFO = INCLUDE_SOURCE;
				MTL_FAST_MATH = YES;
				ONLY_ACTIVE_ARCH = YES;
				SDKROOT = iphoneos;
				SWIFT_ACTIVE_COMPILATION_CONDITIONS = "DEBUG $(inherited)";
				SWIFT_OPTIMIZATION_LEVEL = "-Onone";
			};
			name = Debug;
		};
		996DE5A62D5E14830026FF50 /* Release */ = {
			isa = XCBuildConfiguration;
			buildSettings = {
				ALWAYS_SEARCH_USER_PATHS = NO;
				ASSETCATALOG_COMPILER_GENERATE_SWIFT_ASSET_SYMBOL_EXTENSIONS = YES;
				CLANG_ANALYZER_NONNULL = YES;
				CLANG_ANALYZER_NUMBER_OBJECT_CONVERSION = YES_AGGRESSIVE;
				CLANG_CXX_LANGUAGE_STANDARD = "gnu++20";
				CLANG_ENABLE_MODULES = YES;
				CLANG_ENABLE_OBJC_ARC = YES;
				CLANG_ENABLE_OBJC_WEAK = YES;
				CLANG_WARN_BLOCK_CAPTURE_AUTORELEASING = YES;
				CLANG_WARN_BOOL_CONVERSION = YES;
				CLANG_WARN_COMMA = YES;
				CLANG_WARN_CONSTANT_CONVERSION = YES;
				CLANG_WARN_DEPRECATED_OBJC_IMPLEMENTATIONS = YES;
				CLANG_WARN_DIRECT_OBJC_ISA_USAGE = YES_ERROR;
				CLANG_WARN_DOCUMENTATION_COMMENTS = YES;
				CLANG_WARN_EMPTY_BODY = YES;
				CLANG_WARN_ENUM_CONVERSION = YES;
				CLANG_WARN_INFINITE_RECURSION = YES;
				CLANG_WARN_INT_CONVERSION = YES;
				CLANG_WARN_NON_LITERAL_NULL_CONVERSION = YES;
				CLANG_WARN_OBJC_IMPLICIT_RETAIN_SELF = YES;
				CLANG_WARN_OBJC_LITERAL_CONVERSION = YES;
				CLANG_WARN_OBJC_ROOT_CLASS = YES_ERROR;
				CLANG_WARN_QUOTED_INCLUDE_IN_FRAMEWORK_HEADER = YES;
				CLANG_WARN_RANGE_LOOP_ANALYSIS = YES;
				CLANG_WARN_STRICT_PROTOTYPES = YES;
				CLANG_WARN_SUSPICIOUS_MOVE = YES;
				CLANG_WARN_UNGUARDED_AVAILABILITY = YES_AGGRESSIVE;
				CLANG_WARN_UNREACHABLE_CODE = YES;
				CLANG_WARN__DUPLICATE_METHOD_MATCH = YES;
				COPY_PHASE_STRIP = NO;
				DEBUG_INFORMATION_FORMAT = "dwarf-with-dsym";
				ENABLE_NS_ASSERTIONS = NO;
				ENABLE_STRICT_OBJC_MSGSEND = YES;
				ENABLE_USER_SCRIPT_SANDBOXING = YES;
				GCC_C_LANGUAGE_STANDARD = gnu17;
				GCC_NO_COMMON_BLOCKS = YES;
				GCC_WARN_64_TO_32_BIT_CONVERSION = YES;
				GCC_WARN_ABOUT_RETURN_TYPE = YES_ERROR;
				GCC_WARN_UNDECLARED_SELECTOR = YES;
				GCC_WARN_UNINITIALIZED_AUTOS = YES_AGGRESSIVE;
				GCC_WARN_UNUSED_FUNCTION = YES;
				GCC_WARN_UNUSED_VARIABLE = YES;
				IPHONEOS_DEPLOYMENT_TARGET = 18.1;
				LOCALIZATION_PREFERS_STRING_CATALOGS = YES;
				MTL_ENABLE_DEBUG_INFO = NO;
				MTL_FAST_MATH = YES;
				SDKROOT = iphoneos;
				SWIFT_COMPILATION_MODE = wholemodule;
				VALIDATE_PRODUCT = YES;
			};
			name = Release;
		};
		996DE5A82D5E14830026FF50 /* Debug */ = {
			isa = XCBuildConfiguration;
			baseConfigurationReferenceAnchor = 996DE5802D5E14820026FF50 /* GamerPower */;
			baseConfigurationReferenceRelativePath = Managers/Configurations/Configuration.xcconfig;
			buildSettings = {
				ASSETCATALOG_COMPILER_APPICON_NAME = AppIcon;
				ASSETCATALOG_COMPILER_GLOBAL_ACCENT_COLOR_NAME = AccentColor;
				CODE_SIGN_STYLE = Automatic;
				CURRENT_PROJECT_VERSION = 1;
				DEVELOPMENT_ASSET_PATHS = "\"GamerPower/Assets/Preview Content\"";
				DEVELOPMENT_TEAM = 53738PVH36;
				ENABLE_PREVIEWS = YES;
				GENERATE_INFOPLIST_FILE = YES;
				INFOPLIST_FILE = GamerPower/Info.plist;
				INFOPLIST_KEY_UIApplicationSceneManifest_Generation = YES;
				INFOPLIST_KEY_UIApplicationSupportsIndirectInputEvents = YES;
				INFOPLIST_KEY_UILaunchScreen_Generation = YES;
				INFOPLIST_KEY_UISupportedInterfaceOrientations_iPad = "UIInterfaceOrientationPortrait UIInterfaceOrientationPortraitUpsideDown UIInterfaceOrientationLandscapeLeft UIInterfaceOrientationLandscapeRight";
				INFOPLIST_KEY_UISupportedInterfaceOrientations_iPhone = "UIInterfaceOrientationPortrait UIInterfaceOrientationLandscapeLeft UIInterfaceOrientationLandscapeRight";
				IPHONEOS_DEPLOYMENT_TARGET = 15.6;
				LD_RUNPATH_SEARCH_PATHS = (
					"$(inherited)",
					"@executable_path/Frameworks",
				);
				MARKETING_VERSION = 1.0;
				PRODUCT_BUNDLE_IDENTIFIER = com.mostafa.GamerPower;
				PRODUCT_NAME = "$(TARGET_NAME)";
				SWIFT_EMIT_LOC_STRINGS = YES;
				SWIFT_VERSION = 5.0;
				TARGETED_DEVICE_FAMILY = "1,2";
			};
			name = Debug;
		};
		996DE5A92D5E14830026FF50 /* Release */ = {
			isa = XCBuildConfiguration;
			baseConfigurationReferenceAnchor = 996DE5802D5E14820026FF50 /* GamerPower */;
			baseConfigurationReferenceRelativePath = Managers/Configurations/Configuration.xcconfig;
			buildSettings = {
				ASSETCATALOG_COMPILER_APPICON_NAME = AppIcon;
				ASSETCATALOG_COMPILER_GLOBAL_ACCENT_COLOR_NAME = AccentColor;
				CODE_SIGN_STYLE = Automatic;
				CURRENT_PROJECT_VERSION = 1;
				DEVELOPMENT_ASSET_PATHS = "\"GamerPower/Assets/Preview Content\"";
				DEVELOPMENT_TEAM = 53738PVH36;
				ENABLE_PREVIEWS = YES;
				GENERATE_INFOPLIST_FILE = YES;
				INFOPLIST_FILE = GamerPower/Info.plist;
				INFOPLIST_KEY_UIApplicationSceneManifest_Generation = YES;
				INFOPLIST_KEY_UIApplicationSupportsIndirectInputEvents = YES;
				INFOPLIST_KEY_UILaunchScreen_Generation = YES;
				INFOPLIST_KEY_UISupportedInterfaceOrientations_iPad = "UIInterfaceOrientationPortrait UIInterfaceOrientationPortraitUpsideDown UIInterfaceOrientationLandscapeLeft UIInterfaceOrientationLandscapeRight";
				INFOPLIST_KEY_UISupportedInterfaceOrientations_iPhone = "UIInterfaceOrientationPortrait UIInterfaceOrientationLandscapeLeft UIInterfaceOrientationLandscapeRight";
				IPHONEOS_DEPLOYMENT_TARGET = 15.6;
				LD_RUNPATH_SEARCH_PATHS = (
					"$(inherited)",
					"@executable_path/Frameworks",
				);
				MARKETING_VERSION = 1.0;
				PRODUCT_BUNDLE_IDENTIFIER = com.mostafa.GamerPower;
				PRODUCT_NAME = "$(TARGET_NAME)";
				SWIFT_EMIT_LOC_STRINGS = YES;
				SWIFT_VERSION = 5.0;
				TARGETED_DEVICE_FAMILY = "1,2";
			};
			name = Release;
		};
		996DE5AB2D5E14830026FF50 /* Debug */ = {
			isa = XCBuildConfiguration;
			buildSettings = {
				BUNDLE_LOADER = "$(TEST_HOST)";
				CODE_SIGN_STYLE = Automatic;
				CURRENT_PROJECT_VERSION = 1;
				DEVELOPMENT_TEAM = 53738PVH36;
				GENERATE_INFOPLIST_FILE = YES;
				IPHONEOS_DEPLOYMENT_TARGET = 18.1;
				MARKETING_VERSION = 1.0;
				PRODUCT_BUNDLE_IDENTIFIER = com.mostafa.GamerPowerTests;
				PRODUCT_NAME = "$(TARGET_NAME)";
				SWIFT_EMIT_LOC_STRINGS = NO;
				SWIFT_VERSION = 5.0;
				TARGETED_DEVICE_FAMILY = "1,2";
				TEST_HOST = "$(BUILT_PRODUCTS_DIR)/GamerPower.app/$(BUNDLE_EXECUTABLE_FOLDER_PATH)/GamerPower";
			};
			name = Debug;
		};
		996DE5AC2D5E14830026FF50 /* Release */ = {
			isa = XCBuildConfiguration;
			buildSettings = {
				BUNDLE_LOADER = "$(TEST_HOST)";
				CODE_SIGN_STYLE = Automatic;
				CURRENT_PROJECT_VERSION = 1;
				DEVELOPMENT_TEAM = 53738PVH36;
				GENERATE_INFOPLIST_FILE = YES;
				IPHONEOS_DEPLOYMENT_TARGET = 18.1;
				MARKETING_VERSION = 1.0;
				PRODUCT_BUNDLE_IDENTIFIER = com.mostafa.GamerPowerTests;
				PRODUCT_NAME = "$(TARGET_NAME)";
				SWIFT_EMIT_LOC_STRINGS = NO;
				SWIFT_VERSION = 5.0;
				TARGETED_DEVICE_FAMILY = "1,2";
				TEST_HOST = "$(BUILT_PRODUCTS_DIR)/GamerPower.app/$(BUNDLE_EXECUTABLE_FOLDER_PATH)/GamerPower";
			};
			name = Release;
		};
/* End XCBuildConfiguration section */

/* Begin XCConfigurationList section */
		996DE5792D5E14820026FF50 /* Build configuration list for PBXProject "GamerPower" */ = {
			isa = XCConfigurationList;
			buildConfigurations = (
				996DE5A52D5E14830026FF50 /* Debug */,
				996DE5A62D5E14830026FF50 /* Release */,
			);
			defaultConfigurationIsVisible = 0;
			defaultConfigurationName = Release;
		};
		996DE5A72D5E14830026FF50 /* Build configuration list for PBXNativeTarget "GamerPower" */ = {
			isa = XCConfigurationList;
			buildConfigurations = (
				996DE5A82D5E14830026FF50 /* Debug */,
				996DE5A92D5E14830026FF50 /* Release */,
			);
			defaultConfigurationIsVisible = 0;
			defaultConfigurationName = Release;
		};
		996DE5AA2D5E14830026FF50 /* Build configuration list for PBXNativeTarget "GamerPowerTests" */ = {
			isa = XCConfigurationList;
			buildConfigurations = (
				996DE5AB2D5E14830026FF50 /* Debug */,
				996DE5AC2D5E14830026FF50 /* Release */,
			);
			defaultConfigurationIsVisible = 0;
			defaultConfigurationName = Release;
		};
/* End XCConfigurationList section */

/* Begin XCRemoteSwiftPackageReference section */
		995CE0032D5E189D00FBEC1B /* XCRemoteSwiftPackageReference "Moya" */ = {
			isa = XCRemoteSwiftPackageReference;
			repositoryURL = "https://github.com/Moya/Moya.git";
			requirement = {
				kind = upToNextMajorVersion;
				minimumVersion = 15.0.3;
			};
		};
		999D96B52D5E69B200BF9432 /* XCRemoteSwiftPackageReference "Kingfisher" */ = {
			isa = XCRemoteSwiftPackageReference;
			repositoryURL = "https://github.com/onevcat/Kingfisher.git";
			requirement = {
				kind = upToNextMajorVersion;
				minimumVersion = 8.2.0;
			};
		};
/* End XCRemoteSwiftPackageReference section */

/* Begin XCSwiftPackageProductDependency section */
		995CE0042D5E189D00FBEC1B /* CombineMoya */ = {
			isa = XCSwiftPackageProductDependency;
			package = 995CE0032D5E189D00FBEC1B /* XCRemoteSwiftPackageReference "Moya" */;
			productName = CombineMoya;
		};
		995CE0062D5E189D00FBEC1B /* Moya */ = {
			isa = XCSwiftPackageProductDependency;
			package = 995CE0032D5E189D00FBEC1B /* XCRemoteSwiftPackageReference "Moya" */;
			productName = Moya;
		};
		999D95DB2D5E345800BF9432 /* Data */ = {
			isa = XCSwiftPackageProductDependency;
			productName = Data;
		};
		999D95DD2D5E345F00BF9432 /* Domain */ = {
			isa = XCSwiftPackageProductDependency;
			productName = Domain;
		};
		999D96B62D5E69B200BF9432 /* Kingfisher */ = {
			isa = XCSwiftPackageProductDependency;
			package = 999D96B52D5E69B200BF9432 /* XCRemoteSwiftPackageReference "Kingfisher" */;
			productName = Kingfisher;
		};
/* End XCSwiftPackageProductDependency section */
	};
	rootObject = 996DE5762D5E14820026FF50 /* Project object */;
}
